
Microsoft Visual Studio Solution File, Format Version 12.00
# Visual Studio 15
Project("{FAE04EC0-301F-11D3-BF4B-00C04F79EFBC}") = "MiniatureFigure_BunchOfTools", "MiniatureFigure_BunchOfTools.csproj", "{AB0F154E-62B6-9D19-EA6F-7CF62038F343}"
EndProject
Project("{FAE04EC0-301F-11D3-BF4B-00C04F79EFBC}") = "MiniatureFigure_BunchOfTools.Editor", "MiniatureFigure_BunchOfTools.Editor.csproj", "{6A846C20-4C23-F9D3-AB2C-10C6A1C0293A}"
EndProject
Global
	GlobalSection(SolutionConfigurationPlatforms) = preSolution
		Debug|Any CPU = Debug|Any CPU
		Release|Any CPU = Release|Any CPU
	EndGlobalSection
	GlobalSection(ProjectConfigurationPlatforms) = postSolution
		{AB0F154E-62B6-9D19-EA6F-7CF62038F343}.Debug|Any CPU.ActiveCfg = Debug|Any CPU
		{AB0F154E-62B6-9D19-EA6F-7CF62038F343}.Debug|Any CPU.Build.0 = Debug|Any CPU
		{AB0F154E-62B6-9D19-EA6F-7CF62038F343}.Release|Any CPU.ActiveCfg = Release|Any CPU
		{AB0F154E-62B6-9D19-EA6F-7CF62038F343}.Release|Any CPU.Build.0 = Release|Any CPU
		{6A846C20-4C23-F9D3-AB2C-10C6A1C0293A}.Debug|Any CPU.ActiveCfg = Debug|Any CPU
		{6A846C20-4C23-F9D3-AB2C-10C6A1C0293A}.Debug|Any CPU.Build.0 = Debug|Any CPU
		{6A846C20-4C23-F9D3-AB2C-10C6A1C0293A}.Release|Any CPU.ActiveCfg = Release|Any CPU
		{6A846C20-4C23-F9D3-AB2C-10C6A1C0293A}.Release|Any CPU.Build.0 = Release|Any CPU
	EndGlobalSection
	GlobalSection(SolutionProperties) = preSolution
		HideSolutionNode = FALSE
	EndGlobalSection
EndGlobal
